// !$*UTF8*$!
{
	archiveVersion = 1;
	classes = {
	};
	objectVersion = 46;
	objects = {

/* Begin PBXBuildFile section */
		147CD0661C46461D003AF08D /* gpuworker.cpp in Sources */ = {isa = PBXBuildFile; fileRef = 147CD0651C46461D003AF08D /* gpuworker.cpp */; };
		147CD0691C465836003AF08D /* OpenCL.framework in Frameworks */ = {isa = PBXBuildFile; fileRef = 147CD0681C465836003AF08D /* OpenCL.framework */; };
		14B185921C3DB689005D5C15 /* worker.cpp in Sources */ = {isa = PBXBuildFile; fileRef = 14B1858C1C3DB689005D5C15 /* worker.cpp */; };
		14B185931C3DB689005D5C15 /* work.cpp in Sources */ = {isa = PBXBuildFile; fileRef = 14B1858D1C3DB689005D5C15 /* work.cpp */; };
		14B185941C3DB689005D5C15 /* block.cpp in Sources */ = {isa = PBXBuildFile; fileRef = 14B1858E1C3DB689005D5C15 /* block.cpp */; };
		14B185951C3DB689005D5C15 /* main.cpp in Sources */ = {isa = PBXBuildFile; fileRef = 14B1858F1C3DB689005D5C15 /* main.cpp */; };
		14B185961C3DB689005D5C15 /* cpuworker.cpp in Sources */ = {isa = PBXBuildFile; fileRef = 14B185901C3DB689005D5C15 /* cpuworker.cpp */; };
		14C4A94E1C414670001BED47 /* connection.cpp in Sources */ = {isa = PBXBuildFile; fileRef = 14C4A94D1C414670001BED47 /* connection.cpp */; };
		14C4A9501C4150CF001BED47 /* miner.cpp in Sources */ = {isa = PBXBuildFile; fileRef = 14C4A94F1C4150CF001BED47 /* miner.cpp */; };
		14C4A96C1C4291D7001BED47 /* poolconnection.cpp in Sources */ = {isa = PBXBuildFile; fileRef = 14C4A96B1C4291D7001BED47 /* poolconnection.cpp */; };
		14C4A96F1C42A471001BED47 /* httpclient.cpp in Sources */ = {isa = PBXBuildFile; fileRef = 14C4A96E1C42A471001BED47 /* httpclient.cpp */; };
		14C4A9731C42F9C3001BED47 /* workgraph.cpp in Sources */ = {isa = PBXBuildFile; fileRef = 14C4A9721C42F9C3001BED47 /* workgraph.cpp */; };
/* End PBXBuildFile section */

/* Begin PBXCopyFilesBuildPhase section */
		141BB6D21C3830CE004E0175 /* CopyFiles */ = {
			isa = PBXCopyFilesBuildPhase;
			buildActionMask = 2147483647;
			dstPath = /usr/share/man/man1/;
			dstSubfolderSpec = 0;
			files = (
			);
			runOnlyForDeploymentPostprocessing = 1;
		};
/* End PBXCopyFilesBuildPhase section */

/* Begin PBXFileReference section */
		141BB6D41C3830CE004E0175 /* ethergen */ = {isa = PBXFileReference; explicitFileType = "compiled.mach-o.executable"; includeInIndex = 0; path = ethergen; sourceTree = BUILT_PRODUCTS_DIR; };
		147CD0641C464496003AF08D /* cl */ = {isa = PBXFileReference; lastKnownFileType = folder; name = cl; path = includes/cl; sourceTree = "<group>"; };
		147CD0651C46461D003AF08D /* gpuworker.cpp */ = {isa = PBXFileReference; fileEncoding = 4; lastKnownFileType = sourcecode.cpp.cpp; name = gpuworker.cpp; path = src/gpuworker.cpp; sourceTree = SOURCE_ROOT; };
		147CD0671C46463B003AF08D /* gpuworker.h */ = {isa = PBXFileReference; fileEncoding = 4; lastKnownFileType = sourcecode.c.h; name = gpuworker.h; path = includes/gpuworker.h; sourceTree = "<group>"; };
		147CD0681C465836003AF08D /* OpenCL.framework */ = {isa = PBXFileReference; lastKnownFileType = wrapper.framework; path = OpenCL.framework; sourceTree = "<group>"; };
		14B185771C3DB65E005D5C15 /* miner.hpp */ = {isa = PBXFileReference; fileEncoding = 4; lastKnownFileType = sourcecode.cpp.h; name = miner.hpp; path = includes/miner.hpp; sourceTree = SOURCE_ROOT; };
		14B185781C3DB65E005D5C15 /* connection.hpp */ = {isa = PBXFileReference; fileEncoding = 4; lastKnownFileType = sourcecode.cpp.h; name = connection.hpp; path = includes/connection.hpp; sourceTree = SOURCE_ROOT; };
		14B185791C3DB65E005D5C15 /* work.hpp */ = {isa = PBXFileReference; fileEncoding = 4; lastKnownFileType = sourcecode.cpp.h; name = work.hpp; path = includes/work.hpp; sourceTree = SOURCE_ROOT; };
		14B1857A1C3DB65E005D5C15 /* worker.hpp */ = {isa = PBXFileReference; fileEncoding = 4; lastKnownFileType = sourcecode.cpp.h; name = worker.hpp; path = includes/worker.hpp; sourceTree = SOURCE_ROOT; };
		14B1857B1C3DB65E005D5C15 /* block.hpp */ = {isa = PBXFileReference; fileEncoding = 4; lastKnownFileType = sourcecode.cpp.h; name = block.hpp; path = includes/block.hpp; sourceTree = SOURCE_ROOT; };
		14B1857C1C3DB65E005D5C15 /* cpuworker.hpp */ = {isa = PBXFileReference; fileEncoding = 4; lastKnownFileType = sourcecode.cpp.h; name = cpuworker.hpp; path = includes/cpuworker.hpp; sourceTree = SOURCE_ROOT; };
		14B1857D1C3DB65E005D5C15 /* bits.hpp */ = {isa = PBXFileReference; fileEncoding = 4; lastKnownFileType = sourcecode.cpp.h; name = bits.hpp; path = includes/bits.hpp; sourceTree = SOURCE_ROOT; };
		14B1857E1C3DB65E005D5C15 /* sha3.hpp */ = {isa = PBXFileReference; fileEncoding = 4; lastKnownFileType = sourcecode.cpp.h; name = sha3.hpp; path = includes/sha3.hpp; sourceTree = SOURCE_ROOT; };
		14B1857F1C3DB65E005D5C15 /* sizetable.hpp */ = {isa = PBXFileReference; fileEncoding = 4; lastKnownFileType = sourcecode.cpp.h; name = sizetable.hpp; path = includes/sizetable.hpp; sourceTree = SOURCE_ROOT; };
		14B1858C1C3DB689005D5C15 /* worker.cpp */ = {isa = PBXFileReference; fileEncoding = 4; lastKnownFileType = sourcecode.cpp.cpp; name = worker.cpp; path = src/worker.cpp; sourceTree = SOURCE_ROOT; };
		14B1858D1C3DB689005D5C15 /* work.cpp */ = {isa = PBXFileReference; fileEncoding = 4; lastKnownFileType = sourcecode.cpp.cpp; name = work.cpp; path = src/work.cpp; sourceTree = SOURCE_ROOT; };
		14B1858E1C3DB689005D5C15 /* block.cpp */ = {isa = PBXFileReference; fileEncoding = 4; lastKnownFileType = sourcecode.cpp.cpp; name = block.cpp; path = src/block.cpp; sourceTree = SOURCE_ROOT; };
		14B1858F1C3DB689005D5C15 /* main.cpp */ = {isa = PBXFileReference; fileEncoding = 4; lastKnownFileType = sourcecode.cpp.cpp; name = main.cpp; path = src/main.cpp; sourceTree = SOURCE_ROOT; };
		14B185901C3DB689005D5C15 /* cpuworker.cpp */ = {isa = PBXFileReference; fileEncoding = 4; lastKnownFileType = sourcecode.cpp.cpp; name = cpuworker.cpp; path = src/cpuworker.cpp; sourceTree = SOURCE_ROOT; };
		14C4A94C1C4141C0001BED47 /* rapidjson */ = {isa = PBXFileReference; lastKnownFileType = folder; name = rapidjson; path = includes/rapidjson; sourceTree = "<group>"; };
		14C4A94D1C414670001BED47 /* connection.cpp */ = {isa = PBXFileReference; fileEncoding = 4; lastKnownFileType = sourcecode.cpp.cpp; name = connection.cpp; path = src/connection.cpp; sourceTree = SOURCE_ROOT; };
		14C4A94F1C4150CF001BED47 /* miner.cpp */ = {isa = PBXFileReference; fileEncoding = 4; lastKnownFileType = sourcecode.cpp.cpp; name = miner.cpp; path = src/miner.cpp; sourceTree = SOURCE_ROOT; };
		14C4A96B1C4291D7001BED47 /* poolconnection.cpp */ = {isa = PBXFileReference; fileEncoding = 4; lastKnownFileType = sourcecode.cpp.cpp; name = poolconnection.cpp; path = src/poolconnection.cpp; sourceTree = SOURCE_ROOT; };
		14C4A96D1C4291F4001BED47 /* poolconnection.h */ = {isa = PBXFileReference; lastKnownFileType = sourcecode.c.h; name = poolconnection.h; path = includes/poolconnection.h; sourceTree = "<group>"; };
		14C4A96E1C42A471001BED47 /* httpclient.cpp */ = {isa = PBXFileReference; fileEncoding = 4; lastKnownFileType = sourcecode.cpp.cpp; name = httpclient.cpp; path = src/httpclient.cpp; sourceTree = SOURCE_ROOT; };
		14C4A9701C42A483001BED47 /* httpclient.h */ = {isa = PBXFileReference; lastKnownFileType = sourcecode.c.h; name = httpclient.h; path = includes/httpclient.h; sourceTree = SOURCE_ROOT; };
		14C4A9711C42F9B1001BED47 /* workgraph.hpp */ = {isa = PBXFileReference; fileEncoding = 4; lastKnownFileType = sourcecode.cpp.h; name = workgraph.hpp; path = includes/workgraph.hpp; sourceTree = "<group>"; };
		14C4A9721C42F9C3001BED47 /* workgraph.cpp */ = {isa = PBXFileReference; fileEncoding = 4; lastKnownFileType = sourcecode.cpp.cpp; name = workgraph.cpp; path = src/workgraph.cpp; sourceTree = SOURCE_ROOT; };
/* End PBXFileReference section */

/* Begin PBXFrameworksBuildPhase section */
		141BB6D11C3830CE004E0175 /* Frameworks */ = {
			isa = PBXFrameworksBuildPhase;
			buildActionMask = 2147483647;
			files = (
				147CD0691C465836003AF08D /* OpenCL.framework in Frameworks */,
			);
			runOnlyForDeploymentPostprocessing = 0;
		};
/* End PBXFrameworksBuildPhase section */

/* Begin PBXGroup section */
		141BB6CB1C3830CD004E0175 = {
			isa = PBXGroup;
			children = (
				147CD0681C465836003AF08D /* OpenCL.framework */,
				14B185691C3DB200005D5C15 /* includes */,
				141BB6D61C3830CE004E0175 /* src */,
				141BB6D51C3830CE004E0175 /* Products */,
			);
			sourceTree = "<group>";
		};
		141BB6D51C3830CE004E0175 /* Products */ = {
			isa = PBXGroup;
			children = (
				141BB6D41C3830CE004E0175 /* ethergen */,
			);
			name = Products;
			sourceTree = "<group>";
		};
		141BB6D61C3830CE004E0175 /* src */ = {
			isa = PBXGroup;
			children = (
				14B1858C1C3DB689005D5C15 /* worker.cpp */,
				14B1858D1C3DB689005D5C15 /* work.cpp */,
				14B1858E1C3DB689005D5C15 /* block.cpp */,
				14B1858F1C3DB689005D5C15 /* main.cpp */,
				14B185901C3DB689005D5C15 /* cpuworker.cpp */,
				14C4A94D1C414670001BED47 /* connection.cpp */,
				14C4A94F1C4150CF001BED47 /* miner.cpp */,
				14C4A96B1C4291D7001BED47 /* poolconnection.cpp */,
				14C4A96E1C42A471001BED47 /* httpclient.cpp */,
				14C4A9721C42F9C3001BED47 /* workgraph.cpp */,
				147CD0651C46461D003AF08D /* gpuworker.cpp */,
			);
			name = src;
			path = ethergen;
			sourceTree = "<group>";
		};
		14B185691C3DB200005D5C15 /* includes */ = {
			isa = PBXGroup;
			children = (
				147CD0641C464496003AF08D /* cl */,
				14C4A94C1C4141C0001BED47 /* rapidjson */,
				14B185771C3DB65E005D5C15 /* miner.hpp */,
				14B185781C3DB65E005D5C15 /* connection.hpp */,
				14B185791C3DB65E005D5C15 /* work.hpp */,
				14B1857A1C3DB65E005D5C15 /* worker.hpp */,
				14B1857B1C3DB65E005D5C15 /* block.hpp */,
				14B1857C1C3DB65E005D5C15 /* cpuworker.hpp */,
				14B1857D1C3DB65E005D5C15 /* bits.hpp */,
				14B1857E1C3DB65E005D5C15 /* sha3.hpp */,
				14B1857F1C3DB65E005D5C15 /* sizetable.hpp */,
				14C4A96D1C4291F4001BED47 /* poolconnection.h */,
				14C4A9701C42A483001BED47 /* httpclient.h */,
				14C4A9711C42F9B1001BED47 /* workgraph.hpp */,
				147CD0671C46463B003AF08D /* gpuworker.h */,
			);
			name = includes;
			sourceTree = "<group>";
		};
/* End PBXGroup section */

/* Begin PBXNativeTarget section */
		141BB6D31C3830CE004E0175 /* ethergen */ = {
			isa = PBXNativeTarget;
			buildConfigurationList = 141BB6DB1C3830CE004E0175 /* Build configuration list for PBXNativeTarget "ethergen" */;
			buildPhases = (
				141BB6D01C3830CE004E0175 /* Sources */,
				141BB6D11C3830CE004E0175 /* Frameworks */,
				141BB6D21C3830CE004E0175 /* CopyFiles */,
			);
			buildRules = (
			);
			dependencies = (
			);
			name = ethergen;
			productName = ethergen;
			productReference = 141BB6D41C3830CE004E0175 /* ethergen */;
			productType = "com.apple.product-type.tool";
		};
/* End PBXNativeTarget section */

/* Begin PBXProject section */
		141BB6CC1C3830CD004E0175 /* Project object */ = {
			isa = PBXProject;
			attributes = {
				LastUpgradeCheck = 0720;
				ORGANIZATIONNAME = etherlink;
				TargetAttributes = {
					141BB6D31C3830CE004E0175 = {
						CreatedOnToolsVersion = 7.2;
						DevelopmentTeam = 5HCNH7CB5Q;
					};
				};
			};
			buildConfigurationList = 141BB6CF1C3830CD004E0175 /* Build configuration list for PBXProject "ethergen" */;
			compatibilityVersion = "Xcode 3.2";
			developmentRegion = English;
			hasScannedForEncodings = 0;
			knownRegions = (
				en,
			);
			mainGroup = 141BB6CB1C3830CD004E0175;
			productRefGroup = 141BB6D51C3830CE004E0175 /* Products */;
			projectDirPath = "";
			projectRoot = "";
			targets = (
				141BB6D31C3830CE004E0175 /* ethergen */,
			);
		};
/* End PBXProject section */

/* Begin PBXSourcesBuildPhase section */
		141BB6D01C3830CE004E0175 /* Sources */ = {
			isa = PBXSourcesBuildPhase;
			buildActionMask = 2147483647;
			files = (
				14C4A96F1C42A471001BED47 /* httpclient.cpp in Sources */,
				14B185931C3DB689005D5C15 /* work.cpp in Sources */,
				14B185921C3DB689005D5C15 /* worker.cpp in Sources */,
				147CD0661C46461D003AF08D /* gpuworker.cpp in Sources */,
				14B185951C3DB689005D5C15 /* main.cpp in Sources */,
				14C4A9731C42F9C3001BED47 /* workgraph.cpp in Sources */,
				14B185941C3DB689005D5C15 /* block.cpp in Sources */,
				14C4A9501C4150CF001BED47 /* miner.cpp in Sources */,
				14C4A94E1C414670001BED47 /* connection.cpp in Sources */,
				14B185961C3DB689005D5C15 /* cpuworker.cpp in Sources */,
				14C4A96C1C4291D7001BED47 /* poolconnection.cpp in Sources */,
			);
			runOnlyForDeploymentPostprocessing = 0;
		};
/* End PBXSourcesBuildPhase section */

/* Begin XCBuildConfiguration section */
		141BB6D91C3830CE004E0175 /* Debug */ = {
			isa = XCBuildConfiguration;
			buildSettings = {
				ALWAYS_SEARCH_USER_PATHS = YES;
				CLANG_CXX_LANGUAGE_STANDARD = "c++14";
				CLANG_CXX_LIBRARY = "libc++";
				CLANG_ENABLE_MODULES = YES;
				CLANG_ENABLE_OBJC_ARC = YES;
				CLANG_WARN_BOOL_CONVERSION = YES;
				CLANG_WARN_CONSTANT_CONVERSION = YES;
				CLANG_WARN_DIRECT_OBJC_ISA_USAGE = YES_ERROR;
				CLANG_WARN_EMPTY_BODY = YES;
				CLANG_WARN_ENUM_CONVERSION = YES;
				CLANG_WARN_INT_CONVERSION = YES;
				CLANG_WARN_OBJC_ROOT_CLASS = YES_ERROR;
				CLANG_WARN_UNREACHABLE_CODE = YES;
				CLANG_WARN__DUPLICATE_METHOD_MATCH = YES;
				CODE_SIGN_IDENTITY = "";
				COPY_PHASE_STRIP = NO;
				DEBUG_INFORMATION_FORMAT = dwarf;
				ENABLE_STRICT_OBJC_MSGSEND = YES;
				ENABLE_TESTABILITY = YES;
				GCC_C_LANGUAGE_STANDARD = c11;
				GCC_DYNAMIC_NO_PIC = NO;
				GCC_NO_COMMON_BLOCKS = YES;
				GCC_OPTIMIZATION_LEVEL = 0;
				GCC_PREPROCESSOR_DEFINITIONS = (
					"DEBUG=1",
					"$(inherited)",
				);
				GCC_WARN_64_TO_32_BIT_CONVERSION = YES;
				GCC_WARN_ABOUT_RETURN_TYPE = YES_ERROR;
				GCC_WARN_UNDECLARED_SELECTOR = YES;
				GCC_WARN_UNINITIALIZED_AUTOS = YES_AGGRESSIVE;
				GCC_WARN_UNUSED_FUNCTION = YES;
				GCC_WARN_UNUSED_VARIABLE = YES;
				HEADER_SEARCH_PATHS = includes;
				MACOSX_DEPLOYMENT_TARGET = 10.11;
				MTL_ENABLE_DEBUG_INFO = YES;
				ONLY_ACTIVE_ARCH = YES;
				SDKROOT = macosx;
				VALID_ARCHS = x86_64;
			};
			name = Debug;
		};
		141BB6DA1C3830CE004E0175 /* Release */ = {
			isa = XCBuildConfiguration;
			buildSettings = {
				ALWAYS_SEARCH_USER_PATHS = YES;
				CLANG_CXX_LANGUAGE_STANDARD = "c++14";
				CLANG_CXX_LIBRARY = "libc++";
				CLANG_DEBUG_INFORMATION_LEVEL = "line-tables-only";
				CLANG_ENABLE_MODULES = YES;
				CLANG_ENABLE_OBJC_ARC = YES;
				CLANG_USE_OPTIMIZATION_PROFILE = NO;
				CLANG_WARN_BOOL_CONVERSION = YES;
				CLANG_WARN_CONSTANT_CONVERSION = YES;
				CLANG_WARN_DIRECT_OBJC_ISA_USAGE = YES_ERROR;
				CLANG_WARN_EMPTY_BODY = YES;
				CLANG_WARN_ENUM_CONVERSION = YES;
				CLANG_WARN_INT_CONVERSION = YES;
				CLANG_WARN_OBJC_ROOT_CLASS = YES_ERROR;
				CLANG_WARN_UNREACHABLE_CODE = YES;
				CLANG_WARN__DUPLICATE_METHOD_MATCH = YES;
				CLANG_X86_VECTOR_INSTRUCTIONS = avx;
				CODE_SIGN_ENTITLEMENTS = "";
				CODE_SIGN_IDENTITY = "Developer ID Application";
				COPY_PHASE_STRIP = YES;
				DEAD_CODE_STRIPPING = YES;
				DEBUG_INFORMATION_FORMAT = "dwarf-with-dsym";
				ENABLE_NS_ASSERTIONS = NO;
				ENABLE_STRICT_OBJC_MSGSEND = YES;
				GCC_C_LANGUAGE_STANDARD = c11;
				GCC_GENERATE_DEBUGGING_SYMBOLS = NO;
				GCC_NO_COMMON_BLOCKS = YES;
				GCC_OPTIMIZATION_LEVEL = fast;
				GCC_UNROLL_LOOPS = YES;
				GCC_WARN_64_TO_32_BIT_CONVERSION = YES;
				GCC_WARN_ABOUT_RETURN_TYPE = YES_ERROR;
				GCC_WARN_UNDECLARED_SELECTOR = YES;
				GCC_WARN_UNINITIALIZED_AUTOS = YES_AGGRESSIVE;
				GCC_WARN_UNUSED_FUNCTION = YES;
				GCC_WARN_UNUSED_VARIABLE = YES;
				HEADER_SEARCH_PATHS = includes;
				LLVM_LTO = YES;
				MACOSX_DEPLOYMENT_TARGET = 10.11;
				MTL_ENABLE_DEBUG_INFO = NO;
				ONLY_ACTIVE_ARCH = YES;
				SDKROOT = macosx;
				VALID_ARCHS = x86_64;
			};
			name = Release;
		};
		141BB6DC1C3830CE004E0175 /* Debug */ = {
			isa = XCBuildConfiguration;
			buildSettings = {
				CODE_SIGN_IDENTITY = "Mac Developer";
				"CODE_SIGN_IDENTITY[sdk=macosx*]" = "Mac Developer";
				FRAMEWORK_SEARCH_PATHS = (
					"$(inherited)",
					"$(PROJECT_DIR)",
				);
				PRODUCT_NAME = "$(TARGET_NAME)";
				PROVISIONING_PROFILE = "";
			};
			name = Debug;
		};
		141BB6DD1C3830CE004E0175 /* Release */ = {
			isa = XCBuildConfiguration;
			buildSettings = {
				CODE_SIGN_IDENTITY = "Mac Developer";
				"CODE_SIGN_IDENTITY[sdk=macosx*]" = "Mac Developer";
				FRAMEWORK_SEARCH_PATHS = (
					"$(inherited)",
					"$(PROJECT_DIR)",
				);
				PRODUCT_NAME = "$(TARGET_NAME)";
				PROVISIONING_PROFILE = "";
			};
			name = Release;
		};
/* End XCBuildConfiguration section */

/* Begin XCConfigurationList section */
		141BB6CF1C3830CD004E0175 /* Build configuration list for PBXProject "ethergen" */ = {
			isa = XCConfigurationList;
			buildConfigurations = (
				141BB6D91C3830CE004E0175 /* Debug */,
				141BB6DA1C3830CE004E0175 /* Release */,
			);
			defaultConfigurationIsVisible = 0;
			defaultConfigurationName = Release;
		};
		141BB6DB1C3830CE004E0175 /* Build configuration list for PBXNativeTarget "ethergen" */ = {
			isa = XCConfigurationList;
			buildConfigurations = (
				141BB6DC1C3830CE004E0175 /* Debug */,
				141BB6DD1C3830CE004E0175 /* Release */,
			);
			defaultConfigurationIsVisible = 0;
			defaultConfigurationName = Release;
		};
/* End XCConfigurationList section */
	};
	rootObject = 141BB6CC1C3830CD004E0175 /* Project object */;
}
